
Microsoft Visual Studio Solution File, Format Version 12.00
VisualStudioVersion = 17.5.2.0
Project("{FAE04EC0-301F-11D3-BF4B-00C04F79EFBC}") = "er-toget-forsinket-api", "er-toget-forsinket-api\er-toget-forsinket-api.csproj", "{AFEF3CD6-7251-40D8-8960-E57893607FA5}"
EndProject
Project("{2150E333-8FDC-42A3-9474-1A3956D46DE8}") = "scr", "scr", "{88D73800-5C18-48ED-8FD4-29B51175FCC0}"
EndProject
Global
	GlobalSection(SolutionConfigurationPlatforms) = preSolution
		Debug|Any CPU = Debug|Any CPU
		Release|Any CPU = Release|Any CPU
	EndGlobalSection
	GlobalSection(ProjectConfigurationPlatforms) = postSolution
		{AFEF3CD6-7251-40D8-8960-E57893607FA5}.Debug|Any CPU.ActiveCfg = Debug|Any CPU
		{AFEF3CD6-7251-40D8-8960-E57893607FA5}.Debug|Any CPU.Build.0 = Debug|Any CPU
		{AFEF3CD6-7251-40D8-8960-E57893607FA5}.Release|Any CPU.ActiveCfg = Release|Any CPU
		{AFEF3CD6-7251-40D8-8960-E57893607FA5}.Release|Any CPU.Build.0 = Release|Any CPU
	EndGlobalSection
	GlobalSection(SolutionProperties) = preSolution
		HideSolutionNode = FALSE
	EndGlobalSection
	GlobalSection(NestedProjects) = preSolution
		{AFEF3CD6-7251-40D8-8960-E57893607FA5} = {88D73800-5C18-48ED-8FD4-29B51175FCC0}
	EndGlobalSection
EndGlobal
