
Microsoft Visual Studio Solution File, Format Version 12.00
Project("{FAE04EC0-301F-11D3-BF4B-00C04F79EFBC}") = "er-toget-forsinket-api", "er-toget-forsinket-api\er-toget-forsinket-api.csproj", "{E73F7896-307C-4CCB-9169-2CC2886A119D}"
EndProject
Project("{2150E333-8FDC-42A3-9474-1A3956D46DE8}") = "Solution Items", "Solution Items", "{C905A645-6265-4D58-B186-053DC305F50C}"
	ProjectSection(SolutionItems) = preProject
		compose.yaml = compose.yaml
	EndProjectSection
EndProject
Global
	GlobalSection(SolutionConfigurationPlatforms) = preSolution
		Debug|Any CPU = Debug|Any CPU
		Release|Any CPU = Release|Any CPU
	EndGlobalSection
	GlobalSection(ProjectConfigurationPlatforms) = postSolution
		{E73F7896-307C-4CCB-9169-2CC2886A119D}.Debug|Any CPU.ActiveCfg = Debug|Any CPU
		{E73F7896-307C-4CCB-9169-2CC2886A119D}.Debug|Any CPU.Build.0 = Debug|Any CPU
		{E73F7896-307C-4CCB-9169-2CC2886A119D}.Release|Any CPU.ActiveCfg = Release|Any CPU
		{E73F7896-307C-4CCB-9169-2CC2886A119D}.Release|Any CPU.Build.0 = Release|Any CPU
	EndGlobalSection
EndGlobal
